<?xml version="1.0" encoding="UTF-8"?>
<CONFIG>
  <ProjectOptions>
    <Version Value="11"/>
    <PathDelim Value="\"/>
    <General>
      <Flags>
        <MainUnitHasCreateFormStatements Value="False"/>
        <MainUnitHasTitleStatement Value="False"/>
      </Flags>
      <SessionStorage Value="InProjectDir"/>
      <MainUnit Value="0"/>
      <UseAppBundle Value="False"/>
      <ResourceType Value="res"/>
    </General>
    <i18n>
      <EnableI18N LFM="False"/>
    </i18n>
    <BuildModes Count="1">
      <Item1 Name="Default" Default="True"/>
    </BuildModes>
    <PublishOptions>
      <Version Value="2"/>
    </PublishOptions>
    <RunParams>
      <FormatVersion Value="2"/>
      <Modes Count="1">
        <Mode0 Name="default"/>
      </Modes>
    </RunParams>
    <RequiredPackages Count="1">
      <Item1>
        <PackageName Value="LCL"/>
      </Item1>
    </RequiredPackages>
    <Units Count="1">
      <Unit0>
        <Filename Value="oxed.pp"/>
        <IsPartOfProject Value="True"/>
      </Unit0>
    </Units>
  </ProjectOptions>
  <CompilerOptions>
    <Version Value="11"/>
    <PathDelim Value="\"/>
    <Target>
      <Filename Value="oxed"/>
    </Target>
    <SearchPaths>
      <IncludeFiles Value="$(ProjOutDir);..\units"/>
      <OtherUnitFiles Value="..\..\units\3rdparty;..\..\units\common;..\..\units\common\log;..\..\units\win;..\units;..\..\units\VectorMachine;..\..\units\uFile;..\..\units\uFile\yPak;..\..\units;..\..\units\linux;..\..\units\udVars;..\..\units\parsers\simple;..\units\input;..\units\console;..\units\scene;..\units\ui\wnd;..\units\ui;..\units\ui\wdg;..\units\platforms\win;..\units\platforms\unix;..\units\render;..\units\renderers\gl;..\units\renderers\console;..\units\components;..\units\renderers\vulkan;units;..\..\android\units;..\..\build\units;..\units\media;..\units\platforms;..\units\platforms\android;..\units\q3;..\units\renderers;..\units\renderers\dx;..\..\units\dTVideo;..\..\units\parsers;..\..\units\parsers\ini;..\..\units\parsers\q3;units\components;units\ui;units\platforms;units\project;units\tasks;..\units\platforms\oxed;..\units\media\al;plugins\tests;..\..\components\dimg\units;..\..\components\app\units;..\..\components\app\units\android;..\..\components\app\units\controllers;..\..\components\app\units\keys;..\..\components\app\units\linux;..\..\components\app\units\mouse;..\..\components\app\units\win;..\..\3rdparty\bgrabitmap;..\..\3rdparty\dglOpenGL;..\..\3rdparty\dx;..\..\3rdparty\openal;..\..\3rdparty\Vulkan;..\..\units\parsers\json;..\..\units\parsers\scopes;..\units\platforms\osx;..\units\lib;units\android;..\units\model"/>
      <UnitOutputDirectory Value="..\..\setup\lib"/>
    </SearchPaths>
    <Parsing>
      <SyntaxOptions>
        <IncludeAssertionCode Value="True"/>
      </SyntaxOptions>
    </Parsing>
    <CodeGeneration>
      <SmartLinkUnit Value="True"/>
      <Checks>
        <IOChecks Value="True"/>
        <RangeChecks Value="True"/>
        <OverflowChecks Value="True"/>
        <StackChecks Value="True"/>
      </Checks>
    </CodeGeneration>
    <Linking>
      <Debugging>
        <TrashVariables Value="True"/>
        <UseExternalDbgSyms Value="True"/>
      </Debugging>
    </Linking>
    <Other>
      <CustomOptions Value="-dDEBUG
-dOXED
-dOX_DEBUG
-dOX_PROJECT_DEFINES
-dOX_LIBRARY_SUPPORT"/>
    </Other>
  </CompilerOptions>
  <Debugging>
    <Exceptions Count="12">
      <Item1>
        <Name Value="EAbort"/>
      </Item1>
      <Item2>
        <Name Value="ECodetoolError"/>
      </Item2>
      <Item3>
        <Name Value="EFOpenError"/>
      </Item3>
      <Item4>
        <Name Value="EConvertError"/>
      </Item4>
      <Item5>
        <Name Value="EScannerError"/>
      </Item5>
      <Item6>
        <Name Value="EParserError"/>
      </Item6>
      <Item7>
        <Name Value="RunError(216)"/>
      </Item7>
      <Item8>
        <Name Value="EAccessViolation"/>
      </Item8>
      <Item9>
        <Name Value="EAssertionFailed"/>
      </Item9>
      <Item10>
        <Name Value="RunError(210)"/>
      </Item10>
      <Item11>
        <Name Value="RunError(201)"/>
      </Item11>
      <Item12>
        <Name Value="EProcess"/>
      </Item12>
    </Exceptions>
  </Debugging>
</CONFIG>
