<?xml version="1.0" encoding="UTF-8"?>
<CONFIG>
  <ProjectOptions>
    <Version Value="12"/>
    <General>
      <Flags>
        <MainUnitHasCreateFormStatements Value="False"/>
        <MainUnitHasTitleStatement Value="False"/>
        <MainUnitHasScaledStatement Value="False"/>
      </Flags>
      <SessionStorage Value="InProjectDir"/>
      <Title Value="setup"/>
      <UseAppBundle Value="False"/>
    </General>
    <i18n>
      <EnableI18N LFM="False"/>
    </i18n>
    <BuildModes>
      <Item Name="Default" Default="True"/>
    </BuildModes>
    <PublishOptions>
      <Version Value="2"/>
    </PublishOptions>
    <RunParams>
      <FormatVersion Value="2"/>
      <Modes>
        <Mode Name="default">
          <local>
            <WorkingDirectory Value="$(ProjPath)"/>
          </local>
        </Mode>
      </Modes>
    </RunParams>
    <RequiredPackages>
      <Item>
        <PackageName Value="LCLBase"/>
      </Item>
    </RequiredPackages>
    <Units>
      <Unit>
        <Filename Value="setup.pas"/>
        <IsPartOfProject Value="True"/>
      </Unit>
    </Units>
  </ProjectOptions>
  <CompilerOptions>
    <Version Value="11"/>
    <Target>
      <Filename Value="setup"/>
    </Target>
    <SearchPaths>
      <IncludeFiles Value="$(ProjOutDir);../oX/units"/>
      <OtherUnitFiles Value="../units/common;../build/units;../units/parsers/simple;../units/udVars;../components/app/units;../units/uFile;../oX/units"/>
      <UnitOutputDirectory Value="lib"/>
    </SearchPaths>
    <CompileReasons Run="False"/>
  </CompilerOptions>
  <Debugging>
    <Exceptions>
      <Item>
        <Name Value="EAbort"/>
      </Item>
      <Item>
        <Name Value="ECodetoolError"/>
      </Item>
      <Item>
        <Name Value="EFOpenError"/>
      </Item>
    </Exceptions>
  </Debugging>
</CONFIG>
